{
  "name": "aegis-sample",
  "lockfileVersion": 3,
  "packages": {
    "": {
      "name": "aegis-sample",
      "version": "1.0.0"
    },
    "node_modules/jsonwebtoken": {
      "name": "jsonwebtoken",
      "version": "9.0.2"
    },
    "node_modules/jwa": {
      "name": "jwa",
      "version": "2.0.0"
    },
    "node_modules/libsodium-wrappers": {
      "name": "libsodium-wrappers",
      "version": "0.7.13"
    },
    "node_modules/node-forge": {
      "name": "node-forge",
      "version": "1.3.1"
    }
  }
}
